
Microsoft Visual Studio Solution File, Format Version 12.00
# Visual Studio Version 16
VisualStudioVersion = 16.0.30204.135
MinimumVisualStudioVersion = 10.0.40219.1
Project("{FAE04EC0-301F-11D3-BF4B-00C04F79EFBC}") = "rest-api", "rest-api.csproj", "{A6F29101-62CF-428D-A127-C93027A22CCD}"
EndProject
Global
	GlobalSection(SolutionConfigurationPlatforms) = preSolution
		Debug|Any CPU = Debug|Any CPU
		Release|Any CPU = Release|Any CPU
	EndGlobalSection
	GlobalSection(ProjectConfigurationPlatforms) = postSolution
		{A6F29101-62CF-428D-A127-C93027A22CCD}.Debug|Any CPU.ActiveCfg = Debug|Any CPU
		{A6F29101-62CF-428D-A127-C93027A22CCD}.Debug|Any CPU.Build.0 = Debug|Any CPU
		{A6F29101-62CF-428D-A127-C93027A22CCD}.Release|Any CPU.ActiveCfg = Release|Any CPU
		{A6F29101-62CF-428D-A127-C93027A22CCD}.Release|Any CPU.Build.0 = Release|Any CPU
	EndGlobalSection
	GlobalSection(SolutionProperties) = preSolution
		HideSolutionNode = FALSE
	EndGlobalSection
	GlobalSection(ExtensibilityGlobals) = postSolution
		SolutionGuid = {3136E493-79D1-48CB-B344-233888CE0F01}
	EndGlobalSection
EndGlobal
